// !$*UTF8*$!
{
	archiveVersion = 1;
	classes = {
	};
	objectVersion = 46;
	objects = {

/* Begin PBXBuildFile section */
		E35500021D484EDC00269C2D /* ChoiceBellePhotoListCoordinator.swift in Sources */ = {isa = PBXBuildFile; fileRef = E35500011D484EDC00269C2D /* ChoiceBellePhotoListCoordinator.swift */; };
		E35500041D484F5A00269C2D /* PhotoListViewModel.swift in Sources */ = {isa = PBXBuildFile; fileRef = E35500031D484F5A00269C2D /* PhotoListViewModel.swift */; };
		E35500061D48513500269C2D /* PhotoList.swift in Sources */ = {isa = PBXBuildFile; fileRef = E35500051D48513500269C2D /* PhotoList.swift */; };
		E35500081D48550B00269C2D /* Photo.swift in Sources */ = {isa = PBXBuildFile; fileRef = E35500071D48550B00269C2D /* Photo.swift */; };
		E355000B1D4863D800269C2D /* ChoiceBellePhotoListViewModel.swift in Sources */ = {isa = PBXBuildFile; fileRef = E355000A1D4863D800269C2D /* ChoiceBellePhotoListViewModel.swift */; };
		E355000D1D48656F00269C2D /* ChoiceBellePhotoListViewController.swift in Sources */ = {isa = PBXBuildFile; fileRef = E355000C1D48656F00269C2D /* ChoiceBellePhotoListViewController.swift */; };
		E35CB6DE1D475C500069B407 /* AppDelegate.swift in Sources */ = {isa = PBXBuildFile; fileRef = E35CB6DD1D475C500069B407 /* AppDelegate.swift */; };
		E35CB6E01D475C500069B407 /* WelcomeViewController.swift in Sources */ = {isa = PBXBuildFile; fileRef = E35CB6DF1D475C500069B407 /* WelcomeViewController.swift */; };
		E35CB6E31D475C500069B407 /* Main.storyboard in Resources */ = {isa = PBXBuildFile; fileRef = E35CB6E11D475C500069B407 /* Main.storyboard */; };
		E35CB6E51D475C500069B407 /* Assets.xcassets in Resources */ = {isa = PBXBuildFile; fileRef = E35CB6E41D475C500069B407 /* Assets.xcassets */; };
		E35CB6F31D475C500069B407 /* MVVM_CTests.swift in Sources */ = {isa = PBXBuildFile; fileRef = E35CB6F21D475C500069B407 /* MVVM_CTests.swift */; };
		E35CB6FE1D475C500069B407 /* MVVM_CUITests.swift in Sources */ = {isa = PBXBuildFile; fileRef = E35CB6FD1D475C500069B407 /* MVVM_CUITests.swift */; };
		E3E32D291D4771B000625D7F /* WelcomeCoordinator.swift in Sources */ = {isa = PBXBuildFile; fileRef = E3E32D281D4771B000625D7F /* WelcomeCoordinator.swift */; };
		E3E32D2C1D47765C00625D7F /* Coordinator.swift in Sources */ = {isa = PBXBuildFile; fileRef = E3E32D2B1D47765C00625D7F /* Coordinator.swift */; };
		E3E32D2F1D47775600625D7F /* AppCoordinator.swift in Sources */ = {isa = PBXBuildFile; fileRef = E3E32D2E1D47775600625D7F /* AppCoordinator.swift */; };
		E3E32D311D4778DE00625D7F /* WelcomeViewModel.swift in Sources */ = {isa = PBXBuildFile; fileRef = E3E32D301D4778DE00625D7F /* WelcomeViewModel.swift */; };
/* End PBXBuildFile section */

/* Begin PBXContainerItemProxy section */
		E35CB6EF1D475C500069B407 /* PBXContainerItemProxy */ = {
			isa = PBXContainerItemProxy;
			containerPortal = E35CB6D21D475C500069B407 /* Project object */;
			proxyType = 1;
			remoteGlobalIDString = E35CB6D91D475C500069B407;
			remoteInfo = "MVVM-C";
		};
		E35CB6FA1D475C500069B407 /* PBXContainerItemProxy */ = {
			isa = PBXContainerItemProxy;
			containerPortal = E35CB6D21D475C500069B407 /* Project object */;
			proxyType = 1;
			remoteGlobalIDString = E35CB6D91D475C500069B407;
			remoteInfo = "MVVM-C";
		};
/* End PBXContainerItemProxy section */

/* Begin PBXFileReference section */
		E35500011D484EDC00269C2D /* ChoiceBellePhotoListCoordinator.swift */ = {isa = PBXFileReference; fileEncoding = 4; lastKnownFileType = sourcecode.swift; path = ChoiceBellePhotoListCoordinator.swift; sourceTree = "<group>"; };
		E35500031D484F5A00269C2D /* PhotoListViewModel.swift */ = {isa = PBXFileReference; fileEncoding = 4; lastKnownFileType = sourcecode.swift; path = PhotoListViewModel.swift; sourceTree = "<group>"; };
		E35500051D48513500269C2D /* PhotoList.swift */ = {isa = PBXFileReference; fileEncoding = 4; lastKnownFileType = sourcecode.swift; path = PhotoList.swift; sourceTree = "<group>"; };
		E35500071D48550B00269C2D /* Photo.swift */ = {isa = PBXFileReference; fileEncoding = 4; lastKnownFileType = sourcecode.swift; path = Photo.swift; sourceTree = "<group>"; };
		E355000A1D4863D800269C2D /* ChoiceBellePhotoListViewModel.swift */ = {isa = PBXFileReference; fileEncoding = 4; lastKnownFileType = sourcecode.swift; path = ChoiceBellePhotoListViewModel.swift; sourceTree = "<group>"; };
		E355000C1D48656F00269C2D /* ChoiceBellePhotoListViewController.swift */ = {isa = PBXFileReference; fileEncoding = 4; lastKnownFileType = sourcecode.swift; path = ChoiceBellePhotoListViewController.swift; sourceTree = "<group>"; };
		E35CB6DA1D475C500069B407 /* MVVM-C.app */ = {isa = PBXFileReference; explicitFileType = wrapper.application; includeInIndex = 0; path = "MVVM-C.app"; sourceTree = BUILT_PRODUCTS_DIR; };
		E35CB6DD1D475C500069B407 /* AppDelegate.swift */ = {isa = PBXFileReference; lastKnownFileType = sourcecode.swift; path = AppDelegate.swift; sourceTree = "<group>"; };
		E35CB6DF1D475C500069B407 /* WelcomeViewController.swift */ = {isa = PBXFileReference; lastKnownFileType = sourcecode.swift; path = WelcomeViewController.swift; sourceTree = "<group>"; };
		E35CB6E21D475C500069B407 /* Base */ = {isa = PBXFileReference; lastKnownFileType = file.storyboard; name = Base; path = Base.lproj/Main.storyboard; sourceTree = "<group>"; };
		E35CB6E41D475C500069B407 /* Assets.xcassets */ = {isa = PBXFileReference; lastKnownFileType = folder.assetcatalog; path = Assets.xcassets; sourceTree = "<group>"; };
		E35CB6E91D475C500069B407 /* Info.plist */ = {isa = PBXFileReference; lastKnownFileType = text.plist.xml; path = Info.plist; sourceTree = "<group>"; };
		E35CB6EE1D475C500069B407 /* MVVM-CTests.xctest */ = {isa = PBXFileReference; explicitFileType = wrapper.cfbundle; includeInIndex = 0; path = "MVVM-CTests.xctest"; sourceTree = BUILT_PRODUCTS_DIR; };
		E35CB6F21D475C500069B407 /* MVVM_CTests.swift */ = {isa = PBXFileReference; lastKnownFileType = sourcecode.swift; path = MVVM_CTests.swift; sourceTree = "<group>"; };
		E35CB6F41D475C500069B407 /* Info.plist */ = {isa = PBXFileReference; lastKnownFileType = text.plist.xml; path = Info.plist; sourceTree = "<group>"; };
		E35CB6F91D475C500069B407 /* MVVM-CUITests.xctest */ = {isa = PBXFileReference; explicitFileType = wrapper.cfbundle; includeInIndex = 0; path = "MVVM-CUITests.xctest"; sourceTree = BUILT_PRODUCTS_DIR; };
		E35CB6FD1D475C500069B407 /* MVVM_CUITests.swift */ = {isa = PBXFileReference; lastKnownFileType = sourcecode.swift; path = MVVM_CUITests.swift; sourceTree = "<group>"; };
		E35CB6FF1D475C500069B407 /* Info.plist */ = {isa = PBXFileReference; lastKnownFileType = text.plist.xml; path = Info.plist; sourceTree = "<group>"; };
		E3E32D281D4771B000625D7F /* WelcomeCoordinator.swift */ = {isa = PBXFileReference; fileEncoding = 4; lastKnownFileType = sourcecode.swift; path = WelcomeCoordinator.swift; sourceTree = "<group>"; };
		E3E32D2B1D47765C00625D7F /* Coordinator.swift */ = {isa = PBXFileReference; fileEncoding = 4; lastKnownFileType = sourcecode.swift; path = Coordinator.swift; sourceTree = "<group>"; };
		E3E32D2E1D47775600625D7F /* AppCoordinator.swift */ = {isa = PBXFileReference; fileEncoding = 4; lastKnownFileType = sourcecode.swift; path = AppCoordinator.swift; sourceTree = "<group>"; };
		E3E32D301D4778DE00625D7F /* WelcomeViewModel.swift */ = {isa = PBXFileReference; fileEncoding = 4; lastKnownFileType = sourcecode.swift; path = WelcomeViewModel.swift; sourceTree = "<group>"; };
/* End PBXFileReference section */

/* Begin PBXFrameworksBuildPhase section */
		E35CB6D71D475C500069B407 /* Frameworks */ = {
			isa = PBXFrameworksBuildPhase;
			buildActionMask = 2147483647;
			files = (
			);
			runOnlyForDeploymentPostprocessing = 0;
		};
		E35CB6EB1D475C500069B407 /* Frameworks */ = {
			isa = PBXFrameworksBuildPhase;
			buildActionMask = 2147483647;
			files = (
			);
			runOnlyForDeploymentPostprocessing = 0;
		};
		E35CB6F61D475C500069B407 /* Frameworks */ = {
			isa = PBXFrameworksBuildPhase;
			buildActionMask = 2147483647;
			files = (
			);
			runOnlyForDeploymentPostprocessing = 0;
		};
/* End PBXFrameworksBuildPhase section */

/* Begin PBXGroup section */
		E35500001D484E8F00269C2D /* PhotoList */ = {
			isa = PBXGroup;
			children = (
				E35500031D484F5A00269C2D /* PhotoListViewModel.swift */,
			);
			name = PhotoList;
			sourceTree = "<group>";
		};
		E35500091D485D3E00269C2D /* ChoiceBellePhotoList */ = {
			isa = PBXGroup;
			children = (
				E35500011D484EDC00269C2D /* ChoiceBellePhotoListCoordinator.swift */,
				E355000A1D4863D800269C2D /* ChoiceBellePhotoListViewModel.swift */,
				E355000C1D48656F00269C2D /* ChoiceBellePhotoListViewController.swift */,
			);
			name = ChoiceBellePhotoList;
			sourceTree = "<group>";
		};
		E35CB6D11D475C500069B407 = {
			isa = PBXGroup;
			children = (
				E35CB6DC1D475C500069B407 /* MVVM-C */,
				E35CB6F11D475C500069B407 /* MVVM-CTests */,
				E35CB6FC1D475C500069B407 /* MVVM-CUITests */,
				E35CB6DB1D475C500069B407 /* Products */,
			);
			sourceTree = "<group>";
		};
		E35CB6DB1D475C500069B407 /* Products */ = {
			isa = PBXGroup;
			children = (
				E35CB6DA1D475C500069B407 /* MVVM-C.app */,
				E35CB6EE1D475C500069B407 /* MVVM-CTests.xctest */,
				E35CB6F91D475C500069B407 /* MVVM-CUITests.xctest */,
			);
			name = Products;
			sourceTree = "<group>";
		};
		E35CB6DC1D475C500069B407 /* MVVM-C */ = {
			isa = PBXGroup;
			children = (
				E3E32D2A1D47763E00625D7F /* Protocol */,
				E3E32D321D477E7200625D7F /* Model */,
				E35500001D484E8F00269C2D /* PhotoList */,
				E35500091D485D3E00269C2D /* ChoiceBellePhotoList */,
				E3E32D271D47713700625D7F /* Welcome */,
				E3E32D2D1D47773500625D7F /* App */,
				E35CB6DD1D475C500069B407 /* AppDelegate.swift */,
				E35CB6E11D475C500069B407 /* Main.storyboard */,
				E35CB6E41D475C500069B407 /* Assets.xcassets */,
				E35CB6E91D475C500069B407 /* Info.plist */,
			);
			path = "MVVM-C";
			sourceTree = "<group>";
		};
		E35CB6F11D475C500069B407 /* MVVM-CTests */ = {
			isa = PBXGroup;
			children = (
				E35CB6F21D475C500069B407 /* MVVM_CTests.swift */,
				E35CB6F41D475C500069B407 /* Info.plist */,
			);
			path = "MVVM-CTests";
			sourceTree = "<group>";
		};
		E35CB6FC1D475C500069B407 /* MVVM-CUITests */ = {
			isa = PBXGroup;
			children = (
				E35CB6FD1D475C500069B407 /* MVVM_CUITests.swift */,
				E35CB6FF1D475C500069B407 /* Info.plist */,
			);
			path = "MVVM-CUITests";
			sourceTree = "<group>";
		};
		E3E32D271D47713700625D7F /* Welcome */ = {
			isa = PBXGroup;
			children = (
				E3E32D281D4771B000625D7F /* WelcomeCoordinator.swift */,
				E3E32D301D4778DE00625D7F /* WelcomeViewModel.swift */,
				E35CB6DF1D475C500069B407 /* WelcomeViewController.swift */,
			);
			name = Welcome;
			sourceTree = "<group>";
		};
		E3E32D2A1D47763E00625D7F /* Protocol */ = {
			isa = PBXGroup;
			children = (
				E3E32D2B1D47765C00625D7F /* Coordinator.swift */,
			);
			name = Protocol;
			sourceTree = "<group>";
		};
		E3E32D2D1D47773500625D7F /* App */ = {
			isa = PBXGroup;
			children = (
				E3E32D2E1D47775600625D7F /* AppCoordinator.swift */,
			);
			name = App;
			sourceTree = "<group>";
		};
		E3E32D321D477E7200625D7F /* Model */ = {
			isa = PBXGroup;
			children = (
				E35500071D48550B00269C2D /* Photo.swift */,
				E35500051D48513500269C2D /* PhotoList.swift */,
			);
			name = Model;
			sourceTree = "<group>";
		};
/* End PBXGroup section */

/* Begin PBXNativeTarget section */
		E35CB6D91D475C500069B407 /* MVVM-C */ = {
			isa = PBXNativeTarget;
			buildConfigurationList = E35CB7021D475C500069B407 /* Build configuration list for PBXNativeTarget "MVVM-C" */;
			buildPhases = (
				E35CB6D61D475C500069B407 /* Sources */,
				E35CB6D71D475C500069B407 /* Frameworks */,
				E35CB6D81D475C500069B407 /* Resources */,
			);
			buildRules = (
			);
			dependencies = (
			);
			name = "MVVM-C";
			productName = "MVVM-C";
			productReference = E35CB6DA1D475C500069B407 /* MVVM-C.app */;
			productType = "com.apple.product-type.application";
		};
		E35CB6ED1D475C500069B407 /* MVVM-CTests */ = {
			isa = PBXNativeTarget;
			buildConfigurationList = E35CB7051D475C500069B407 /* Build configuration list for PBXNativeTarget "MVVM-CTests" */;
			buildPhases = (
				E35CB6EA1D475C500069B407 /* Sources */,
				E35CB6EB1D475C500069B407 /* Frameworks */,
				E35CB6EC1D475C500069B407 /* Resources */,
			);
			buildRules = (
			);
			dependencies = (
				E35CB6F01D475C500069B407 /* PBXTargetDependency */,
			);
			name = "MVVM-CTests";
			productName = "MVVM-CTests";
			productReference = E35CB6EE1D475C500069B407 /* MVVM-CTests.xctest */;
			productType = "com.apple.product-type.bundle.unit-test";
		};
		E35CB6F81D475C500069B407 /* MVVM-CUITests */ = {
			isa = PBXNativeTarget;
			buildConfigurationList = E35CB7081D475C500069B407 /* Build configuration list for PBXNativeTarget "MVVM-CUITests" */;
			buildPhases = (
				E35CB6F51D475C500069B407 /* Sources */,
				E35CB6F61D475C500069B407 /* Frameworks */,
				E35CB6F71D475C500069B407 /* Resources */,
			);
			buildRules = (
			);
			dependencies = (
				E35CB6FB1D475C500069B407 /* PBXTargetDependency */,
			);
			name = "MVVM-CUITests";
			productName = "MVVM-CUITests";
			productReference = E35CB6F91D475C500069B407 /* MVVM-CUITests.xctest */;
			productType = "com.apple.product-type.bundle.ui-testing";
		};
/* End PBXNativeTarget section */

/* Begin PBXProject section */
		E35CB6D21D475C500069B407 /* Project object */ = {
			isa = PBXProject;
			attributes = {
				LastSwiftUpdateCheck = 0730;
				LastUpgradeCheck = 0730;
				ORGANIZATIONNAME = "michael wang";
				TargetAttributes = {
					E35CB6D91D475C500069B407 = {
						CreatedOnToolsVersion = 7.3.1;
					};
					E35CB6ED1D475C500069B407 = {
						CreatedOnToolsVersion = 7.3.1;
						TestTargetID = E35CB6D91D475C500069B407;
					};
					E35CB6F81D475C500069B407 = {
						CreatedOnToolsVersion = 7.3.1;
						TestTargetID = E35CB6D91D475C500069B407;
					};
				};
			};
			buildConfigurationList = E35CB6D51D475C500069B407 /* Build configuration list for PBXProject "MVVM-C" */;
			compatibilityVersion = "Xcode 3.2";
			developmentRegion = English;
			hasScannedForEncodings = 0;
			knownRegions = (
				en,
				Base,
			);
			mainGroup = E35CB6D11D475C500069B407;
			productRefGroup = E35CB6DB1D475C500069B407 /* Products */;
			projectDirPath = "";
			projectRoot = "";
			targets = (
				E35CB6D91D475C500069B407 /* MVVM-C */,
				E35CB6ED1D475C500069B407 /* MVVM-CTests */,
				E35CB6F81D475C500069B407 /* MVVM-CUITests */,
			);
		};
/* End PBXProject section */

/* Begin PBXResourcesBuildPhase section */
		E35CB6D81D475C500069B407 /* Resources */ = {
			isa = PBXResourcesBuildPhase;
			buildActionMask = 2147483647;
			files = (
				E35CB6E51D475C500069B407 /* Assets.xcassets in Resources */,
				E35CB6E31D475C500069B407 /* Main.storyboard in Resources */,
			);
			runOnlyForDeploymentPostprocessing = 0;
		};
		E35CB6EC1D475C500069B407 /* Resources */ = {
			isa = PBXResourcesBuildPhase;
			buildActionMask = 2147483647;
			files = (
			);
			runOnlyForDeploymentPostprocessing = 0;
		};
		E35CB6F71D475C500069B407 /* Resources */ = {
			isa = PBXResourcesBuildPhase;
			buildActionMask = 2147483647;
			files = (
			);
			runOnlyForDeploymentPostprocessing = 0;
		};
/* End PBXResourcesBuildPhase section */

/* Begin PBXSourcesBuildPhase section */
		E35CB6D61D475C500069B407 /* Sources */ = {
			isa = PBXSourcesBuildPhase;
			buildActionMask = 2147483647;
			files = (
				E3E32D2C1D47765C00625D7F /* Coordinator.swift in Sources */,
				E35500021D484EDC00269C2D /* ChoiceBellePhotoListCoordinator.swift in Sources */,
				E35CB6E01D475C500069B407 /* WelcomeViewController.swift in Sources */,
				E3E32D2F1D47775600625D7F /* AppCoordinator.swift in Sources */,
				E355000B1D4863D800269C2D /* ChoiceBellePhotoListViewModel.swift in Sources */,
				E35500081D48550B00269C2D /* Photo.swift in Sources */,
				E35CB6DE1D475C500069B407 /* AppDelegate.swift in Sources */,
				E355000D1D48656F00269C2D /* ChoiceBellePhotoListViewController.swift in Sources */,
				E3E32D291D4771B000625D7F /* WelcomeCoordinator.swift in Sources */,
				E35500041D484F5A00269C2D /* PhotoListViewModel.swift in Sources */,
				E3E32D311D4778DE00625D7F /* WelcomeViewModel.swift in Sources */,
				E35500061D48513500269C2D /* PhotoList.swift in Sources */,
			);
			runOnlyForDeploymentPostprocessing = 0;
		};
		E35CB6EA1D475C500069B407 /* Sources */ = {
			isa = PBXSourcesBuildPhase;
			buildActionMask = 2147483647;
			files = (
				E35CB6F31D475C500069B407 /* MVVM_CTests.swift in Sources */,
			);
			runOnlyForDeploymentPostprocessing = 0;
		};
		E35CB6F51D475C500069B407 /* Sources */ = {
			isa = PBXSourcesBuildPhase;
			buildActionMask = 2147483647;
			files = (
				E35CB6FE1D475C500069B407 /* MVVM_CUITests.swift in Sources */,
			);
			runOnlyForDeploymentPostprocessing = 0;
		};
/* End PBXSourcesBuildPhase section */

/* Begin PBXTargetDependency section */
		E35CB6F01D475C500069B407 /* PBXTargetDependency */ = {
			isa = PBXTargetDependency;
			target = E35CB6D91D475C500069B407 /* MVVM-C */;
			targetProxy = E35CB6EF1D475C500069B407 /* PBXContainerItemProxy */;
		};
		E35CB6FB1D475C500069B407 /* PBXTargetDependency */ = {
			isa = PBXTargetDependency;
			target = E35CB6D91D475C500069B407 /* MVVM-C */;
			targetProxy = E35CB6FA1D475C500069B407 /* PBXContainerItemProxy */;
		};
/* End PBXTargetDependency section */

/* Begin PBXVariantGroup section */
		E35CB6E11D475C500069B407 /* Main.storyboard */ = {
			isa = PBXVariantGroup;
			children = (
				E35CB6E21D475C500069B407 /* Base */,
			);
			name = Main.storyboard;
			sourceTree = "<group>";
		};
/* End PBXVariantGroup section */

/* Begin XCBuildConfiguration section */
		E35CB7001D475C500069B407 /* Debug */ = {
			isa = XCBuildConfiguration;
			buildSettings = {
				ALWAYS_SEARCH_USER_PATHS = NO;
				CLANG_ANALYZER_NONNULL = YES;
				CLANG_CXX_LANGUAGE_STANDARD = "gnu++0x";
				CLANG_CXX_LIBRARY = "libc++";
				CLANG_ENABLE_MODULES = YES;
				CLANG_ENABLE_OBJC_ARC = YES;
				CLANG_WARN_BOOL_CONVERSION = YES;
				CLANG_WARN_CONSTANT_CONVERSION = YES;
				CLANG_WARN_DIRECT_OBJC_ISA_USAGE = YES_ERROR;
				CLANG_WARN_EMPTY_BODY = YES;
				CLANG_WARN_ENUM_CONVERSION = YES;
				CLANG_WARN_INT_CONVERSION = YES;
				CLANG_WARN_OBJC_ROOT_CLASS = YES_ERROR;
				CLANG_WARN_UNREACHABLE_CODE = YES;
				CLANG_WARN__DUPLICATE_METHOD_MATCH = YES;
				"CODE_SIGN_IDENTITY[sdk=iphoneos*]" = "iPhone Developer";
				COPY_PHASE_STRIP = NO;
				DEBUG_INFORMATION_FORMAT = dwarf;
				ENABLE_STRICT_OBJC_MSGSEND = YES;
				ENABLE_TESTABILITY = YES;
				GCC_C_LANGUAGE_STANDARD = gnu99;
				GCC_DYNAMIC_NO_PIC = NO;
				GCC_NO_COMMON_BLOCKS = YES;
				GCC_OPTIMIZATION_LEVEL = 0;
				GCC_PREPROCESSOR_DEFINITIONS = (
					"DEBUG=1",
					"$(inherited)",
				);
				GCC_WARN_64_TO_32_BIT_CONVERSION = YES;
				GCC_WARN_ABOUT_RETURN_TYPE = YES_ERROR;
				GCC_WARN_UNDECLARED_SELECTOR = YES;
				GCC_WARN_UNINITIALIZED_AUTOS = YES_AGGRESSIVE;
				GCC_WARN_UNUSED_FUNCTION = YES;
				GCC_WARN_UNUSED_VARIABLE = YES;
				IPHONEOS_DEPLOYMENT_TARGET = 9.3;
				MTL_ENABLE_DEBUG_INFO = YES;
				ONLY_ACTIVE_ARCH = YES;
				SDKROOT = iphoneos;
				SWIFT_OPTIMIZATION_LEVEL = "-Onone";
			};
			name = Debug;
		};
		E35CB7011D475C500069B407 /* Release */ = {
			isa = XCBuildConfiguration;
			buildSettings = {
				ALWAYS_SEARCH_USER_PATHS = NO;
				CLANG_ANALYZER_NONNULL = YES;
				CLANG_CXX_LANGUAGE_STANDARD = "gnu++0x";
				CLANG_CXX_LIBRARY = "libc++";
				CLANG_ENABLE_MODULES = YES;
				CLANG_ENABLE_OBJC_ARC = YES;
				CLANG_WARN_BOOL_CONVERSION = YES;
				CLANG_WARN_CONSTANT_CONVERSION = YES;
				CLANG_WARN_DIRECT_OBJC_ISA_USAGE = YES_ERROR;
				CLANG_WARN_EMPTY_BODY = YES;
				CLANG_WARN_ENUM_CONVERSION = YES;
				CLANG_WARN_INT_CONVERSION = YES;
				CLANG_WARN_OBJC_ROOT_CLASS = YES_ERROR;
				CLANG_WARN_UNREACHABLE_CODE = YES;
				CLANG_WARN__DUPLICATE_METHOD_MATCH = YES;
				"CODE_SIGN_IDENTITY[sdk=iphoneos*]" = "iPhone Developer";
				COPY_PHASE_STRIP = NO;
				DEBUG_INFORMATION_FORMAT = "dwarf-with-dsym";
				ENABLE_NS_ASSERTIONS = NO;
				ENABLE_STRICT_OBJC_MSGSEND = YES;
				GCC_C_LANGUAGE_STANDARD = gnu99;
				GCC_NO_COMMON_BLOCKS = YES;
				GCC_WARN_64_TO_32_BIT_CONVERSION = YES;
				GCC_WARN_ABOUT_RETURN_TYPE = YES_ERROR;
				GCC_WARN_UNDECLARED_SELECTOR = YES;
				GCC_WARN_UNINITIALIZED_AUTOS = YES_AGGRESSIVE;
				GCC_WARN_UNUSED_FUNCTION = YES;
				GCC_WARN_UNUSED_VARIABLE = YES;
				IPHONEOS_DEPLOYMENT_TARGET = 9.3;
				MTL_ENABLE_DEBUG_INFO = NO;
				SDKROOT = iphoneos;
				VALIDATE_PRODUCT = YES;
			};
			name = Release;
		};
		E35CB7031D475C500069B407 /* Debug */ = {
			isa = XCBuildConfiguration;
			buildSettings = {
				ASSETCATALOG_COMPILER_APPICON_NAME = AppIcon;
				ASSETCATALOG_COMPILER_LAUNCHIMAGE_NAME = "Brand Assets";
				INFOPLIST_FILE = "MVVM-C/Info.plist";
				IPHONEOS_DEPLOYMENT_TARGET = 8.0;
				LD_RUNPATH_SEARCH_PATHS = "$(inherited) @executable_path/Frameworks";
				PRODUCT_BUNDLE_IDENTIFIER = "im.wangyan.com.MVVM-C";
				PRODUCT_NAME = "$(TARGET_NAME)";
			};
			name = Debug;
		};
		E35CB7041D475C500069B407 /* Release */ = {
			isa = XCBuildConfiguration;
			buildSettings = {
				ASSETCATALOG_COMPILER_APPICON_NAME = AppIcon;
				ASSETCATALOG_COMPILER_LAUNCHIMAGE_NAME = "Brand Assets";
				INFOPLIST_FILE = "MVVM-C/Info.plist";
				IPHONEOS_DEPLOYMENT_TARGET = 8.0;
				LD_RUNPATH_SEARCH_PATHS = "$(inherited) @executable_path/Frameworks";
				PRODUCT_BUNDLE_IDENTIFIER = "im.wangyan.com.MVVM-C";
				PRODUCT_NAME = "$(TARGET_NAME)";
			};
			name = Release;
		};
		E35CB7061D475C500069B407 /* Debug */ = {
			isa = XCBuildConfiguration;
			buildSettings = {
				BUNDLE_LOADER = "$(TEST_HOST)";
				INFOPLIST_FILE = "MVVM-CTests/Info.plist";
				LD_RUNPATH_SEARCH_PATHS = "$(inherited) @executable_path/Frameworks @loader_path/Frameworks";
				PRODUCT_BUNDLE_IDENTIFIER = "im.wangyan.com.MVVM-CTests";
				PRODUCT_NAME = "$(TARGET_NAME)";
				TEST_HOST = "$(BUILT_PRODUCTS_DIR)/MVVM-C.app/MVVM-C";
			};
			name = Debug;
		};
		E35CB7071D475C500069B407 /* Release */ = {
			isa = XCBuildConfiguration;
			buildSettings = {
				BUNDLE_LOADER = "$(TEST_HOST)";
				INFOPLIST_FILE = "MVVM-CTests/Info.plist";
				LD_RUNPATH_SEARCH_PATHS = "$(inherited) @executable_path/Frameworks @loader_path/Frameworks";
				PRODUCT_BUNDLE_IDENTIFIER = "im.wangyan.com.MVVM-CTests";
				PRODUCT_NAME = "$(TARGET_NAME)";
				TEST_HOST = "$(BUILT_PRODUCTS_DIR)/MVVM-C.app/MVVM-C";
			};
			name = Release;
		};
		E35CB7091D475C500069B407 /* Debug */ = {
			isa = XCBuildConfiguration;
			buildSettings = {
				INFOPLIST_FILE = "MVVM-CUITests/Info.plist";
				LD_RUNPATH_SEARCH_PATHS = "$(inherited) @executable_path/Frameworks @loader_path/Frameworks";
				PRODUCT_BUNDLE_IDENTIFIER = "im.wangyan.com.MVVM-CUITests";
				PRODUCT_NAME = "$(TARGET_NAME)";
				TEST_TARGET_NAME = "MVVM-C";
			};
			name = Debug;
		};
		E35CB70A1D475C500069B407 /* Release */ = {
			isa = XCBuildConfiguration;
			buildSettings = {
				INFOPLIST_FILE = "MVVM-CUITests/Info.plist";
				LD_RUNPATH_SEARCH_PATHS = "$(inherited) @executable_path/Frameworks @loader_path/Frameworks";
				PRODUCT_BUNDLE_IDENTIFIER = "im.wangyan.com.MVVM-CUITests";
				PRODUCT_NAME = "$(TARGET_NAME)";
				TEST_TARGET_NAME = "MVVM-C";
			};
			name = Release;
		};
/* End XCBuildConfiguration section */

/* Begin XCConfigurationList section */
		E35CB6D51D475C500069B407 /* Build configuration list for PBXProject "MVVM-C" */ = {
			isa = XCConfigurationList;
			buildConfigurations = (
				E35CB7001D475C500069B407 /* Debug */,
				E35CB7011D475C500069B407 /* Release */,
			);
			defaultConfigurationIsVisible = 0;
			defaultConfigurationName = Release;
		};
		E35CB7021D475C500069B407 /* Build configuration list for PBXNativeTarget "MVVM-C" */ = {
			isa = XCConfigurationList;
			buildConfigurations = (
				E35CB7031D475C500069B407 /* Debug */,
				E35CB7041D475C500069B407 /* Release */,
			);
			defaultConfigurationIsVisible = 0;
			defaultConfigurationName = Release;
		};
		E35CB7051D475C500069B407 /* Build configuration list for PBXNativeTarget "MVVM-CTests" */ = {
			isa = XCConfigurationList;
			buildConfigurations = (
				E35CB7061D475C500069B407 /* Debug */,
				E35CB7071D475C500069B407 /* Release */,
			);
			defaultConfigurationIsVisible = 0;
			defaultConfigurationName = Release;
		};
		E35CB7081D475C500069B407 /* Build configuration list for PBXNativeTarget "MVVM-CUITests" */ = {
			isa = XCConfigurationList;
			buildConfigurations = (
				E35CB7091D475C500069B407 /* Debug */,
				E35CB70A1D475C500069B407 /* Release */,
			);
			defaultConfigurationIsVisible = 0;
			defaultConfigurationName = Release;
		};
/* End XCConfigurationList section */
	};
	rootObject = E35CB6D21D475C500069B407 /* Project object */;
}
